github.com/dgrijalva/jwt-go v3.2.0+incompatible h1:7qlOGliEKZXTDg6OTjfoBKDXWrumCAMpl/TFQ4/5kLM=
github.com/dgrijalva/jwt-go v3.2.0+incompatible/go.mod h1:E3ru+11k8xSBh+hMPgOLZmtrrCbhqsmaPHjLKYnJCaQ=
github.com/passageidentity/passage-go v0.0.0-20210619000624-a8b5d0e367b3 h1:8hKJhbpiKy+/Uo8zY1PeuvC2BnK+vXPX7eE3b8D3Of0=
github.com/passageidentity/passage-go v0.0.0-20210619000624-a8b5d0e367b3/go.mod h1:dO4pxi1KCheobZVO+cVh+YbVvn1cYRJJv3LPIDtv39o=
